{
    "name": "foo",
    "version": "1.0.0",
    "lockfileVersion": 3,
    "requires": true,
    "packages": {
        "": {
            "name": "foo",
            "version": "1.0.0",
            "workspaces": [
                "packages/*"
            ]
        },
        "node_modules/pkg-a": {
            "resolved": "packages/pkgA",
            "link": true
        },
        "node_modules/pkg-b": {
            "resolved": "packages/pkgB",
            "link": true
        },
        "packages/pkgA": {
            "name": "pkg-a",
            "version": "1.0.0"
        },
        "packages/pkgB": {
            "name": "pkg-b",
            "version": "1.0.0"
        }
    }
}
